
Microsoft Visual Studio Solution File, Format Version 12.00
# Visual Studio Version 17
VisualStudioVersion = 17.9.34723.18
MinimumVisualStudioVersion = 10.0.40219.1
Project("{FAE04EC0-301F-11D3-BF4B-00C04F79EFBC}") = "ExpressionTrees", "ExpressionTrees.csproj", "{49F93657-6179-4CF5-9B5B-8AB3A201477E}"
EndProject
Global
	GlobalSection(SolutionConfigurationPlatforms) = preSolution
		Debug|Any CPU = Debug|Any CPU
		Release|Any CPU = Release|Any CPU
	EndGlobalSection
	GlobalSection(ProjectConfigurationPlatforms) = postSolution
		{49F93657-6179-4CF5-9B5B-8AB3A201477E}.Debug|Any CPU.ActiveCfg = Debug|Any CPU
		{49F93657-6179-4CF5-9B5B-8AB3A201477E}.Debug|Any CPU.Build.0 = Debug|Any CPU
		{49F93657-6179-4CF5-9B5B-8AB3A201477E}.Release|Any CPU.ActiveCfg = Release|Any CPU
		{49F93657-6179-4CF5-9B5B-8AB3A201477E}.Release|Any CPU.Build.0 = Release|Any CPU
	EndGlobalSection
	GlobalSection(SolutionProperties) = preSolution
		HideSolutionNode = FALSE
	EndGlobalSection
	GlobalSection(ExtensibilityGlobals) = postSolution
		SolutionGuid = {68768334-F6DF-4C9C-9205-55A35B0718E9}
	EndGlobalSection
EndGlobal
